
Microsoft Visual Studio Solution File, Format Version 12.00
# Visual Studio Version 17
VisualStudioVersion = 17.5.33627.172
MinimumVisualStudioVersion = 10.0.40219.1
Project("{FAE04EC0-301F-11D3-BF4B-00C04F79EFBC}") = "CsLox", "CsLox\CsLox.csproj", "{580117CB-D087-4B96-B1D2-8A67DB3DD999}"
EndProject
Global
	GlobalSection(SolutionConfigurationPlatforms) = preSolution
		Debug|Any CPU = Debug|Any CPU
		Release|Any CPU = Release|Any CPU
	EndGlobalSection
	GlobalSection(ProjectConfigurationPlatforms) = postSolution
		{580117CB-D087-4B96-B1D2-8A67DB3DD999}.Debug|Any CPU.ActiveCfg = Debug|Any CPU
		{580117CB-D087-4B96-B1D2-8A67DB3DD999}.Debug|Any CPU.Build.0 = Debug|Any CPU
		{580117CB-D087-4B96-B1D2-8A67DB3DD999}.Release|Any CPU.ActiveCfg = Release|Any CPU
		{580117CB-D087-4B96-B1D2-8A67DB3DD999}.Release|Any CPU.Build.0 = Release|Any CPU
	EndGlobalSection
	GlobalSection(SolutionProperties) = preSolution
		HideSolutionNode = FALSE
	EndGlobalSection
	GlobalSection(ExtensibilityGlobals) = postSolution
		SolutionGuid = {BD10A321-6896-4FF5-8522-6D37E8F2539E}
	EndGlobalSection
EndGlobal
